
Microsoft Visual Studio Solution File, Format Version 12.00
# Visual Studio Version 16
VisualStudioVersion = 16.0.29920.165
MinimumVisualStudioVersion = 10.0.40219.1
Project("{9A19103F-16F7-4668-BE54-9A1E7A4F7556}") = "Penguin.SystemExtensions.Abstractions", "Penguin.SystemExtensions.Abstractions.csproj", "{35F32C82-93D7-4235-AE05-51A9C6ADE844}"
EndProject
Global
	GlobalSection(SolutionConfigurationPlatforms) = preSolution
		Debug|Any CPU = Debug|Any CPU
		Release|Any CPU = Release|Any CPU
	EndGlobalSection
	GlobalSection(ProjectConfigurationPlatforms) = postSolution
		{35F32C82-93D7-4235-AE05-51A9C6ADE844}.Debug|Any CPU.ActiveCfg = Debug|Any CPU
		{35F32C82-93D7-4235-AE05-51A9C6ADE844}.Debug|Any CPU.Build.0 = Debug|Any CPU
		{35F32C82-93D7-4235-AE05-51A9C6ADE844}.Release|Any CPU.ActiveCfg = Release|Any CPU
		{35F32C82-93D7-4235-AE05-51A9C6ADE844}.Release|Any CPU.Build.0 = Release|Any CPU
	EndGlobalSection
	GlobalSection(SolutionProperties) = preSolution
		HideSolutionNode = FALSE
	EndGlobalSection
	GlobalSection(ExtensibilityGlobals) = postSolution
		SolutionGuid = {6D373E99-2CB3-4A58-B9C3-7751FFD2AC1B}
	EndGlobalSection
EndGlobal
